
Microsoft Visual Studio Solution File, Format Version 12.00
Project("{FAE04EC0-301F-11D3-BF4B-00C04F79EFBC}") = "nationalpublichousebot", "nationalpublichousebot\nationalpublichousebot.csproj", "{767A620E-2EBB-4770-94C3-CD0A4E2E0B1B}"
EndProject
Global
	GlobalSection(SolutionConfigurationPlatforms) = preSolution
		Debug|Any CPU = Debug|Any CPU
		Release|Any CPU = Release|Any CPU
	EndGlobalSection
	GlobalSection(ProjectConfigurationPlatforms) = postSolution
		{767A620E-2EBB-4770-94C3-CD0A4E2E0B1B}.Debug|Any CPU.ActiveCfg = Debug|Any CPU
		{767A620E-2EBB-4770-94C3-CD0A4E2E0B1B}.Debug|Any CPU.Build.0 = Debug|Any CPU
		{767A620E-2EBB-4770-94C3-CD0A4E2E0B1B}.Release|Any CPU.ActiveCfg = Release|Any CPU
		{767A620E-2EBB-4770-94C3-CD0A4E2E0B1B}.Release|Any CPU.Build.0 = Release|Any CPU
	EndGlobalSection
EndGlobal
